// !$*UTF8*$!
{
	archiveVersion = 1;
	classes = {
	};
	objectVersion = 56;
	objects = {

/* Begin PBXBuildFile section */
		4072A4CB4DAFE4E98FB45841 /* Pods_pokemon_Api_pokemon_ApiUITests.framework in Frameworks */ = {isa = PBXBuildFile; fileRef = 75D10CA28C3906F0932DE0CB /* Pods_pokemon_Api_pokemon_ApiUITests.framework */; };
		A0D29B48EC63D8A3D5C5F630 /* Pods_pokemon_ApiTests.framework in Frameworks */ = {isa = PBXBuildFile; fileRef = 8488CC5769B2C7BB72CC2638 /* Pods_pokemon_ApiTests.framework */; };
		B8B064532A68FD1000B0D71D /* AppDelegate.swift in Sources */ = {isa = PBXBuildFile; fileRef = B8B064522A68FD1000B0D71D /* AppDelegate.swift */; };
		B8B064552A68FD1000B0D71D /* SceneDelegate.swift in Sources */ = {isa = PBXBuildFile; fileRef = B8B064542A68FD1000B0D71D /* SceneDelegate.swift */; };
		B8B064572A68FD1000B0D71D /* ViewController.swift in Sources */ = {isa = PBXBuildFile; fileRef = B8B064562A68FD1000B0D71D /* ViewController.swift */; };
		B8B0645A2A68FD1000B0D71D /* Main.storyboard in Resources */ = {isa = PBXBuildFile; fileRef = B8B064582A68FD1000B0D71D /* Main.storyboard */; };
		B8B0645C2A68FD1200B0D71D /* Assets.xcassets in Resources */ = {isa = PBXBuildFile; fileRef = B8B0645B2A68FD1200B0D71D /* Assets.xcassets */; };
		B8B0645F2A68FD1200B0D71D /* LaunchScreen.storyboard in Resources */ = {isa = PBXBuildFile; fileRef = B8B0645D2A68FD1200B0D71D /* LaunchScreen.storyboard */; };
		B8B0646A2A68FD1200B0D71D /* pokemon_ApiTests.swift in Sources */ = {isa = PBXBuildFile; fileRef = B8B064692A68FD1200B0D71D /* pokemon_ApiTests.swift */; };
		B8B064742A68FD1200B0D71D /* pokemon_ApiUITests.swift in Sources */ = {isa = PBXBuildFile; fileRef = B8B064732A68FD1200B0D71D /* pokemon_ApiUITests.swift */; };
		B8B064762A68FD1200B0D71D /* pokemon_ApiUITestsLaunchTests.swift in Sources */ = {isa = PBXBuildFile; fileRef = B8B064752A68FD1200B0D71D /* pokemon_ApiUITestsLaunchTests.swift */; };
		B8C47F202A70EB590091EBE0 /* PokemonTableViewcell.xib in Resources */ = {isa = PBXBuildFile; fileRef = B8C47F1F2A70EB590091EBE0 /* PokemonTableViewcell.xib */; };
		B8C47F222A70ECEC0091EBE0 /* PokemonCollectionViewCell.xib in Resources */ = {isa = PBXBuildFile; fileRef = B8C47F212A70ECEC0091EBE0 /* PokemonCollectionViewCell.xib */; };
		B8C4BFA22A6E36BA00DEBB8E /* PokemonDataViewController.swift in Sources */ = {isa = PBXBuildFile; fileRef = B8C4BFA12A6E36BA00DEBB8E /* PokemonDataViewController.swift */; };
		B8C4BFA42A6E4E3500DEBB8E /* PokemonCollectionViewCell.swift in Sources */ = {isa = PBXBuildFile; fileRef = B8C4BFA32A6E4E3500DEBB8E /* PokemonCollectionViewCell.swift */; };
		B8F662212A6917A800A27321 /* PokemonModel.swift in Sources */ = {isa = PBXBuildFile; fileRef = B8F662202A6917A800A27321 /* PokemonModel.swift */; };
		B8F662232A6917BE00A27321 /* PokemonViewModel.swift in Sources */ = {isa = PBXBuildFile; fileRef = B8F662222A6917BE00A27321 /* PokemonViewModel.swift */; };
		B8F662252A69394000A27321 /* pokemonTableViewCell.swift in Sources */ = {isa = PBXBuildFile; fileRef = B8F662242A69394000A27321 /* pokemonTableViewCell.swift */; };
		EB0517020A43CFB184DE7C3C /* Pods_pokemon_Api.framework in Frameworks */ = {isa = PBXBuildFile; fileRef = 9FE2B878D3D00B563F9BA233 /* Pods_pokemon_Api.framework */; };
/* End PBXBuildFile section */

/* Begin PBXContainerItemProxy section */
		B8B064662A68FD1200B0D71D /* PBXContainerItemProxy */ = {
			isa = PBXContainerItemProxy;
			containerPortal = B8B064472A68FD1000B0D71D /* Project object */;
			proxyType = 1;
			remoteGlobalIDString = B8B0644E2A68FD1000B0D71D;
			remoteInfo = "pokemon Api";
		};
		B8B064702A68FD1200B0D71D /* PBXContainerItemProxy */ = {
			isa = PBXContainerItemProxy;
			containerPortal = B8B064472A68FD1000B0D71D /* Project object */;
			proxyType = 1;
			remoteGlobalIDString = B8B0644E2A68FD1000B0D71D;
			remoteInfo = "pokemon Api";
		};
/* End PBXContainerItemProxy section */

/* Begin PBXFileReference section */
		2F63BA0BB86FBF2C328D1632 /* Pods-pokemon Api.release.xcconfig */ = {isa = PBXFileReference; includeInIndex = 1; lastKnownFileType = text.xcconfig; name = "Pods-pokemon Api.release.xcconfig"; path = "Target Support Files/Pods-pokemon Api/Pods-pokemon Api.release.xcconfig"; sourceTree = "<group>"; };
		5EC82B699C41B112381AF822 /* Pods-pokemon ApiTests.debug.xcconfig */ = {isa = PBXFileReference; includeInIndex = 1; lastKnownFileType = text.xcconfig; name = "Pods-pokemon ApiTests.debug.xcconfig"; path = "Target Support Files/Pods-pokemon ApiTests/Pods-pokemon ApiTests.debug.xcconfig"; sourceTree = "<group>"; };
		75D10CA28C3906F0932DE0CB /* Pods_pokemon_Api_pokemon_ApiUITests.framework */ = {isa = PBXFileReference; explicitFileType = wrapper.framework; includeInIndex = 0; path = Pods_pokemon_Api_pokemon_ApiUITests.framework; sourceTree = BUILT_PRODUCTS_DIR; };
		8488CC5769B2C7BB72CC2638 /* Pods_pokemon_ApiTests.framework */ = {isa = PBXFileReference; explicitFileType = wrapper.framework; includeInIndex = 0; path = Pods_pokemon_ApiTests.framework; sourceTree = BUILT_PRODUCTS_DIR; };
		9FE2B878D3D00B563F9BA233 /* Pods_pokemon_Api.framework */ = {isa = PBXFileReference; explicitFileType = wrapper.framework; includeInIndex = 0; path = Pods_pokemon_Api.framework; sourceTree = BUILT_PRODUCTS_DIR; };
		AC632F82D6D6F4EDB1D19AF2 /* Pods-pokemon Api-pokemon ApiUITests.debug.xcconfig */ = {isa = PBXFileReference; includeInIndex = 1; lastKnownFileType = text.xcconfig; name = "Pods-pokemon Api-pokemon ApiUITests.debug.xcconfig"; path = "Target Support Files/Pods-pokemon Api-pokemon ApiUITests/Pods-pokemon Api-pokemon ApiUITests.debug.xcconfig"; sourceTree = "<group>"; };
		AC99A2C8047E31CD29F5762C /* Pods-pokemon Api-pokemon ApiUITests.release.xcconfig */ = {isa = PBXFileReference; includeInIndex = 1; lastKnownFileType = text.xcconfig; name = "Pods-pokemon Api-pokemon ApiUITests.release.xcconfig"; path = "Target Support Files/Pods-pokemon Api-pokemon ApiUITests/Pods-pokemon Api-pokemon ApiUITests.release.xcconfig"; sourceTree = "<group>"; };
		B8B0644F2A68FD1000B0D71D /* pokemon Api.app */ = {isa = PBXFileReference; explicitFileType = wrapper.application; includeInIndex = 0; path = "pokemon Api.app"; sourceTree = BUILT_PRODUCTS_DIR; };
		B8B064522A68FD1000B0D71D /* AppDelegate.swift */ = {isa = PBXFileReference; lastKnownFileType = sourcecode.swift; path = AppDelegate.swift; sourceTree = "<group>"; };
		B8B064542A68FD1000B0D71D /* SceneDelegate.swift */ = {isa = PBXFileReference; lastKnownFileType = sourcecode.swift; path = SceneDelegate.swift; sourceTree = "<group>"; };
		B8B064562A68FD1000B0D71D /* ViewController.swift */ = {isa = PBXFileReference; lastKnownFileType = sourcecode.swift; path = ViewController.swift; sourceTree = "<group>"; };
		B8B064592A68FD1000B0D71D /* Base */ = {isa = PBXFileReference; lastKnownFileType = file.storyboard; name = Base; path = Base.lproj/Main.storyboard; sourceTree = "<group>"; };
		B8B0645B2A68FD1200B0D71D /* Assets.xcassets */ = {isa = PBXFileReference; lastKnownFileType = folder.assetcatalog; path = Assets.xcassets; sourceTree = "<group>"; };
		B8B0645E2A68FD1200B0D71D /* Base */ = {isa = PBXFileReference; lastKnownFileType = file.storyboard; name = Base; path = Base.lproj/LaunchScreen.storyboard; sourceTree = "<group>"; };
		B8B064602A68FD1200B0D71D /* Info.plist */ = {isa = PBXFileReference; lastKnownFileType = text.plist.xml; path = Info.plist; sourceTree = "<group>"; };
		B8B064652A68FD1200B0D71D /* pokemon ApiTests.xctest */ = {isa = PBXFileReference; explicitFileType = wrapper.cfbundle; includeInIndex = 0; path = "pokemon ApiTests.xctest"; sourceTree = BUILT_PRODUCTS_DIR; };
		B8B064692A68FD1200B0D71D /* pokemon_ApiTests.swift */ = {isa = PBXFileReference; lastKnownFileType = sourcecode.swift; path = pokemon_ApiTests.swift; sourceTree = "<group>"; };
		B8B0646F2A68FD1200B0D71D /* pokemon ApiUITests.xctest */ = {isa = PBXFileReference; explicitFileType = wrapper.cfbundle; includeInIndex = 0; path = "pokemon ApiUITests.xctest"; sourceTree = BUILT_PRODUCTS_DIR; };
		B8B064732A68FD1200B0D71D /* pokemon_ApiUITests.swift */ = {isa = PBXFileReference; lastKnownFileType = sourcecode.swift; path = pokemon_ApiUITests.swift; sourceTree = "<group>"; };
		B8B064752A68FD1200B0D71D /* pokemon_ApiUITestsLaunchTests.swift */ = {isa = PBXFileReference; lastKnownFileType = sourcecode.swift; path = pokemon_ApiUITestsLaunchTests.swift; sourceTree = "<group>"; };
		B8C47F1F2A70EB590091EBE0 /* PokemonTableViewcell.xib */ = {isa = PBXFileReference; lastKnownFileType = file.xib; path = PokemonTableViewcell.xib; sourceTree = "<group>"; };
		B8C47F212A70ECEC0091EBE0 /* PokemonCollectionViewCell.xib */ = {isa = PBXFileReference; lastKnownFileType = file.xib; path = PokemonCollectionViewCell.xib; sourceTree = "<group>"; };
		B8C4BFA12A6E36BA00DEBB8E /* PokemonDataViewController.swift */ = {isa = PBXFileReference; lastKnownFileType = sourcecode.swift; path = PokemonDataViewController.swift; sourceTree = "<group>"; };
		B8C4BFA32A6E4E3500DEBB8E /* PokemonCollectionViewCell.swift */ = {isa = PBXFileReference; lastKnownFileType = sourcecode.swift; path = PokemonCollectionViewCell.swift; sourceTree = "<group>"; };
		B8F662202A6917A800A27321 /* PokemonModel.swift */ = {isa = PBXFileReference; lastKnownFileType = sourcecode.swift; path = PokemonModel.swift; sourceTree = "<group>"; };
		B8F662222A6917BE00A27321 /* PokemonViewModel.swift */ = {isa = PBXFileReference; lastKnownFileType = sourcecode.swift; path = PokemonViewModel.swift; sourceTree = "<group>"; };
		B8F662242A69394000A27321 /* pokemonTableViewCell.swift */ = {isa = PBXFileReference; lastKnownFileType = sourcecode.swift; path = pokemonTableViewCell.swift; sourceTree = "<group>"; };
		B9B4F8D5E8B49ED7AA951819 /* Pods-pokemon ApiTests.release.xcconfig */ = {isa = PBXFileReference; includeInIndex = 1; lastKnownFileType = text.xcconfig; name = "Pods-pokemon ApiTests.release.xcconfig"; path = "Target Support Files/Pods-pokemon ApiTests/Pods-pokemon ApiTests.release.xcconfig"; sourceTree = "<group>"; };
		F698991C45D60D496C4D93C0 /* Pods-pokemon Api.debug.xcconfig */ = {isa = PBXFileReference; includeInIndex = 1; lastKnownFileType = text.xcconfig; name = "Pods-pokemon Api.debug.xcconfig"; path = "Target Support Files/Pods-pokemon Api/Pods-pokemon Api.debug.xcconfig"; sourceTree = "<group>"; };
/* End PBXFileReference section */

/* Begin PBXFrameworksBuildPhase section */
		B8B0644C2A68FD1000B0D71D /* Frameworks */ = {
			isa = PBXFrameworksBuildPhase;
			buildActionMask = 2147483647;
			files = (
				EB0517020A43CFB184DE7C3C /* Pods_pokemon_Api.framework in Frameworks */,
			);
			runOnlyForDeploymentPostprocessing = 0;
		};
		B8B064622A68FD1200B0D71D /* Frameworks */ = {
			isa = PBXFrameworksBuildPhase;
			buildActionMask = 2147483647;
			files = (
				A0D29B48EC63D8A3D5C5F630 /* Pods_pokemon_ApiTests.framework in Frameworks */,
			);
			runOnlyForDeploymentPostprocessing = 0;
		};
		B8B0646C2A68FD1200B0D71D /* Frameworks */ = {
			isa = PBXFrameworksBuildPhase;
			buildActionMask = 2147483647;
			files = (
				4072A4CB4DAFE4E98FB45841 /* Pods_pokemon_Api_pokemon_ApiUITests.framework in Frameworks */,
			);
			runOnlyForDeploymentPostprocessing = 0;
		};
/* End PBXFrameworksBuildPhase section */

/* Begin PBXGroup section */
		0D0B4181687895061FF1FED7 /* Pods */ = {
			isa = PBXGroup;
			children = (
				F698991C45D60D496C4D93C0 /* Pods-pokemon Api.debug.xcconfig */,
				2F63BA0BB86FBF2C328D1632 /* Pods-pokemon Api.release.xcconfig */,
				AC632F82D6D6F4EDB1D19AF2 /* Pods-pokemon Api-pokemon ApiUITests.debug.xcconfig */,
				AC99A2C8047E31CD29F5762C /* Pods-pokemon Api-pokemon ApiUITests.release.xcconfig */,
				5EC82B699C41B112381AF822 /* Pods-pokemon ApiTests.debug.xcconfig */,
				B9B4F8D5E8B49ED7AA951819 /* Pods-pokemon ApiTests.release.xcconfig */,
			);
			path = Pods;
			sourceTree = "<group>";
		};
		2EF9D2E8A1336951C5771255 /* Frameworks */ = {
			isa = PBXGroup;
			children = (
				9FE2B878D3D00B563F9BA233 /* Pods_pokemon_Api.framework */,
				75D10CA28C3906F0932DE0CB /* Pods_pokemon_Api_pokemon_ApiUITests.framework */,
				8488CC5769B2C7BB72CC2638 /* Pods_pokemon_ApiTests.framework */,
			);
			name = Frameworks;
			sourceTree = "<group>";
		};
		B8B064462A68FD1000B0D71D = {
			isa = PBXGroup;
			children = (
				B8B064512A68FD1000B0D71D /* pokemon Api */,
				B8B064682A68FD1200B0D71D /* pokemon ApiTests */,
				B8B064722A68FD1200B0D71D /* pokemon ApiUITests */,
				B8B064502A68FD1000B0D71D /* Products */,
				0D0B4181687895061FF1FED7 /* Pods */,
				2EF9D2E8A1336951C5771255 /* Frameworks */,
			);
			sourceTree = "<group>";
		};
		B8B064502A68FD1000B0D71D /* Products */ = {
			isa = PBXGroup;
			children = (
				B8B0644F2A68FD1000B0D71D /* pokemon Api.app */,
				B8B064652A68FD1200B0D71D /* pokemon ApiTests.xctest */,
				B8B0646F2A68FD1200B0D71D /* pokemon ApiUITests.xctest */,
			);
			name = Products;
			sourceTree = "<group>";
		};
		B8B064512A68FD1000B0D71D /* pokemon Api */ = {
			isa = PBXGroup;
			children = (
				B8B064522A68FD1000B0D71D /* AppDelegate.swift */,
				B8B064542A68FD1000B0D71D /* SceneDelegate.swift */,
				B8F662202A6917A800A27321 /* PokemonModel.swift */,
				B8B064562A68FD1000B0D71D /* ViewController.swift */,
				B8F662222A6917BE00A27321 /* PokemonViewModel.swift */,
				B8F662242A69394000A27321 /* pokemonTableViewCell.swift */,
				B8C4BFA32A6E4E3500DEBB8E /* PokemonCollectionViewCell.swift */,
				B8C4BFA12A6E36BA00DEBB8E /* PokemonDataViewController.swift */,
				B8B064582A68FD1000B0D71D /* Main.storyboard */,
				B8C47F1F2A70EB590091EBE0 /* PokemonTableViewcell.xib */,
				B8C47F212A70ECEC0091EBE0 /* PokemonCollectionViewCell.xib */,
				B8B0645B2A68FD1200B0D71D /* Assets.xcassets */,
				B8B0645D2A68FD1200B0D71D /* LaunchScreen.storyboard */,
				B8B064602A68FD1200B0D71D /* Info.plist */,
			);
			path = "pokemon Api";
			sourceTree = "<group>";
		};
		B8B064682A68FD1200B0D71D /* pokemon ApiTests */ = {
			isa = PBXGroup;
			children = (
				B8B064692A68FD1200B0D71D /* pokemon_ApiTests.swift */,
			);
			path = "pokemon ApiTests";
			sourceTree = "<group>";
		};
		B8B064722A68FD1200B0D71D /* pokemon ApiUITests */ = {
			isa = PBXGroup;
			children = (
				B8B064732A68FD1200B0D71D /* pokemon_ApiUITests.swift */,
				B8B064752A68FD1200B0D71D /* pokemon_ApiUITestsLaunchTests.swift */,
			);
			path = "pokemon ApiUITests";
			sourceTree = "<group>";
		};
/* End PBXGroup section */

/* Begin PBXNativeTarget section */
		B8B0644E2A68FD1000B0D71D /* pokemon Api */ = {
			isa = PBXNativeTarget;
			buildConfigurationList = B8B064792A68FD1200B0D71D /* Build configuration list for PBXNativeTarget "pokemon Api" */;
			buildPhases = (
				C3274F38E9CBDD321D1CEA39 /* [CP] Check Pods Manifest.lock */,
				B8B0644B2A68FD1000B0D71D /* Sources */,
				B8B0644C2A68FD1000B0D71D /* Frameworks */,
				B8B0644D2A68FD1000B0D71D /* Resources */,
				438B1CD277A7E8F7A658E1C5 /* [CP] Embed Pods Frameworks */,
			);
			buildRules = (
			);
			dependencies = (
			);
			name = "pokemon Api";
			productName = "pokemon Api";
			productReference = B8B0644F2A68FD1000B0D71D /* pokemon Api.app */;
			productType = "com.apple.product-type.application";
		};
		B8B064642A68FD1200B0D71D /* pokemon ApiTests */ = {
			isa = PBXNativeTarget;
			buildConfigurationList = B8B0647C2A68FD1200B0D71D /* Build configuration list for PBXNativeTarget "pokemon ApiTests" */;
			buildPhases = (
				0C78D965F434C52A9F420F79 /* [CP] Check Pods Manifest.lock */,
				B8B064612A68FD1200B0D71D /* Sources */,
				B8B064622A68FD1200B0D71D /* Frameworks */,
				B8B064632A68FD1200B0D71D /* Resources */,
			);
			buildRules = (
			);
			dependencies = (
				B8B064672A68FD1200B0D71D /* PBXTargetDependency */,
			);
			name = "pokemon ApiTests";
			productName = "pokemon ApiTests";
			productReference = B8B064652A68FD1200B0D71D /* pokemon ApiTests.xctest */;
			productType = "com.apple.product-type.bundle.unit-test";
		};
		B8B0646E2A68FD1200B0D71D /* pokemon ApiUITests */ = {
			isa = PBXNativeTarget;
			buildConfigurationList = B8B0647F2A68FD1200B0D71D /* Build configuration list for PBXNativeTarget "pokemon ApiUITests" */;
			buildPhases = (
				D2D8AA6FC65E23A6DCE1774F /* [CP] Check Pods Manifest.lock */,
				B8B0646B2A68FD1200B0D71D /* Sources */,
				B8B0646C2A68FD1200B0D71D /* Frameworks */,
				B8B0646D2A68FD1200B0D71D /* Resources */,
				CD3938BADBCBF5F30BC9BF1C /* [CP] Embed Pods Frameworks */,
			);
			buildRules = (
			);
			dependencies = (
				B8B064712A68FD1200B0D71D /* PBXTargetDependency */,
			);
			name = "pokemon ApiUITests";
			productName = "pokemon ApiUITests";
			productReference = B8B0646F2A68FD1200B0D71D /* pokemon ApiUITests.xctest */;
			productType = "com.apple.product-type.bundle.ui-testing";
		};
/* End PBXNativeTarget section */

/* Begin PBXProject section */
		B8B064472A68FD1000B0D71D /* Project object */ = {
			isa = PBXProject;
			attributes = {
				BuildIndependentTargetsInParallel = 1;
				LastSwiftUpdateCheck = 1420;
				LastUpgradeCheck = 1420;
				TargetAttributes = {
					B8B0644E2A68FD1000B0D71D = {
						CreatedOnToolsVersion = 14.2;
					};
					B8B064642A68FD1200B0D71D = {
						CreatedOnToolsVersion = 14.2;
						TestTargetID = B8B0644E2A68FD1000B0D71D;
					};
					B8B0646E2A68FD1200B0D71D = {
						CreatedOnToolsVersion = 14.2;
						TestTargetID = B8B0644E2A68FD1000B0D71D;
					};
				};
			};
			buildConfigurationList = B8B0644A2A68FD1000B0D71D /* Build configuration list for PBXProject "pokemon Api" */;
			compatibilityVersion = "Xcode 14.0";
			developmentRegion = en;
			hasScannedForEncodings = 0;
			knownRegions = (
				en,
				Base,
			);
			mainGroup = B8B064462A68FD1000B0D71D;
			productRefGroup = B8B064502A68FD1000B0D71D /* Products */;
			projectDirPath = "";
			projectRoot = "";
			targets = (
				B8B0644E2A68FD1000B0D71D /* pokemon Api */,
				B8B064642A68FD1200B0D71D /* pokemon ApiTests */,
				B8B0646E2A68FD1200B0D71D /* pokemon ApiUITests */,
			);
		};
/* End PBXProject section */

/* Begin PBXResourcesBuildPhase section */
		B8B0644D2A68FD1000B0D71D /* Resources */ = {
			isa = PBXResourcesBuildPhase;
			buildActionMask = 2147483647;
			files = (
				B8B0645F2A68FD1200B0D71D /* LaunchScreen.storyboard in Resources */,
				B8C47F202A70EB590091EBE0 /* PokemonTableViewcell.xib in Resources */,
				B8B0645C2A68FD1200B0D71D /* Assets.xcassets in Resources */,
				B8C47F222A70ECEC0091EBE0 /* PokemonCollectionViewCell.xib in Resources */,
				B8B0645A2A68FD1000B0D71D /* Main.storyboard in Resources */,
			);
			runOnlyForDeploymentPostprocessing = 0;
		};
		B8B064632A68FD1200B0D71D /* Resources */ = {
			isa = PBXResourcesBuildPhase;
			buildActionMask = 2147483647;
			files = (
			);
			runOnlyForDeploymentPostprocessing = 0;
		};
		B8B0646D2A68FD1200B0D71D /* Resources */ = {
			isa = PBXResourcesBuildPhase;
			buildActionMask = 2147483647;
			files = (
			);
			runOnlyForDeploymentPostprocessing = 0;
		};
/* End PBXResourcesBuildPhase section */

/* Begin PBXShellScriptBuildPhase section */
		0C78D965F434C52A9F420F79 /* [CP] Check Pods Manifest.lock */ = {
			isa = PBXShellScriptBuildPhase;
			buildActionMask = 2147483647;
			files = (
			);
			inputFileListPaths = (
			);
			inputPaths = (
				"${PODS_PODFILE_DIR_PATH}/Podfile.lock",
				"${PODS_ROOT}/Manifest.lock",
			);
			name = "[CP] Check Pods Manifest.lock";
			outputFileListPaths = (
			);
			outputPaths = (
				"$(DERIVED_FILE_DIR)/Pods-pokemon ApiTests-checkManifestLockResult.txt",
			);
			runOnlyForDeploymentPostprocessing = 0;
			shellPath = /bin/sh;
			shellScript = "diff \"${PODS_PODFILE_DIR_PATH}/Podfile.lock\" \"${PODS_ROOT}/Manifest.lock\" > /dev/null\nif [ $? != 0 ] ; then\n    # print error to STDERR\n    echo \"error: The sandbox is not in sync with the Podfile.lock. Run 'pod install' or update your CocoaPods installation.\" >&2\n    exit 1\nfi\n# This output is used by Xcode 'outputs' to avoid re-running this script phase.\necho \"SUCCESS\" > \"${SCRIPT_OUTPUT_FILE_0}\"\n";
			showEnvVarsInLog = 0;
		};
		438B1CD277A7E8F7A658E1C5 /* [CP] Embed Pods Frameworks */ = {
			isa = PBXShellScriptBuildPhase;
			buildActionMask = 2147483647;
			files = (
			);
			inputFileListPaths = (
				"${PODS_ROOT}/Target Support Files/Pods-pokemon Api/Pods-pokemon Api-frameworks-${CONFIGURATION}-input-files.xcfilelist",
			);
			name = "[CP] Embed Pods Frameworks";
			outputFileListPaths = (
				"${PODS_ROOT}/Target Support Files/Pods-pokemon Api/Pods-pokemon Api-frameworks-${CONFIGURATION}-output-files.xcfilelist",
			);
			runOnlyForDeploymentPostprocessing = 0;
			shellPath = /bin/sh;
			shellScript = "\"${PODS_ROOT}/Target Support Files/Pods-pokemon Api/Pods-pokemon Api-frameworks.sh\"\n";
			showEnvVarsInLog = 0;
		};
		C3274F38E9CBDD321D1CEA39 /* [CP] Check Pods Manifest.lock */ = {
			isa = PBXShellScriptBuildPhase;
			buildActionMask = 2147483647;
			files = (
			);
			inputFileListPaths = (
			);
			inputPaths = (
				"${PODS_PODFILE_DIR_PATH}/Podfile.lock",
				"${PODS_ROOT}/Manifest.lock",
			);
			name = "[CP] Check Pods Manifest.lock";
			outputFileListPaths = (
			);
			outputPaths = (
				"$(DERIVED_FILE_DIR)/Pods-pokemon Api-checkManifestLockResult.txt",
			);
			runOnlyForDeploymentPostprocessing = 0;
			shellPath = /bin/sh;
			shellScript = "diff \"${PODS_PODFILE_DIR_PATH}/Podfile.lock\" \"${PODS_ROOT}/Manifest.lock\" > /dev/null\nif [ $? != 0 ] ; then\n    # print error to STDERR\n    echo \"error: The sandbox is not in sync with the Podfile.lock. Run 'pod install' or update your CocoaPods installation.\" >&2\n    exit 1\nfi\n# This output is used by Xcode 'outputs' to avoid re-running this script phase.\necho \"SUCCESS\" > \"${SCRIPT_OUTPUT_FILE_0}\"\n";
			showEnvVarsInLog = 0;
		};
		CD3938BADBCBF5F30BC9BF1C /* [CP] Embed Pods Frameworks */ = {
			isa = PBXShellScriptBuildPhase;
			buildActionMask = 2147483647;
			files = (
			);
			inputFileListPaths = (
				"${PODS_ROOT}/Target Support Files/Pods-pokemon Api-pokemon ApiUITests/Pods-pokemon Api-pokemon ApiUITests-frameworks-${CONFIGURATION}-input-files.xcfilelist",
			);
			name = "[CP] Embed Pods Frameworks";
			outputFileListPaths = (
				"${PODS_ROOT}/Target Support Files/Pods-pokemon Api-pokemon ApiUITests/Pods-pokemon Api-pokemon ApiUITests-frameworks-${CONFIGURATION}-output-files.xcfilelist",
			);
			runOnlyForDeploymentPostprocessing = 0;
			shellPath = /bin/sh;
			shellScript = "\"${PODS_ROOT}/Target Support Files/Pods-pokemon Api-pokemon ApiUITests/Pods-pokemon Api-pokemon ApiUITests-frameworks.sh\"\n";
			showEnvVarsInLog = 0;
		};
		D2D8AA6FC65E23A6DCE1774F /* [CP] Check Pods Manifest.lock */ = {
			isa = PBXShellScriptBuildPhase;
			buildActionMask = 2147483647;
			files = (
			);
			inputFileListPaths = (
			);
			inputPaths = (
				"${PODS_PODFILE_DIR_PATH}/Podfile.lock",
				"${PODS_ROOT}/Manifest.lock",
			);
			name = "[CP] Check Pods Manifest.lock";
			outputFileListPaths = (
			);
			outputPaths = (
				"$(DERIVED_FILE_DIR)/Pods-pokemon Api-pokemon ApiUITests-checkManifestLockResult.txt",
			);
			runOnlyForDeploymentPostprocessing = 0;
			shellPath = /bin/sh;
			shellScript = "diff \"${PODS_PODFILE_DIR_PATH}/Podfile.lock\" \"${PODS_ROOT}/Manifest.lock\" > /dev/null\nif [ $? != 0 ] ; then\n    # print error to STDERR\n    echo \"error: The sandbox is not in sync with the Podfile.lock. Run 'pod install' or update your CocoaPods installation.\" >&2\n    exit 1\nfi\n# This output is used by Xcode 'outputs' to avoid re-running this script phase.\necho \"SUCCESS\" > \"${SCRIPT_OUTPUT_FILE_0}\"\n";
			showEnvVarsInLog = 0;
		};
/* End PBXShellScriptBuildPhase section */

/* Begin PBXSourcesBuildPhase section */
		B8B0644B2A68FD1000B0D71D /* Sources */ = {
			isa = PBXSourcesBuildPhase;
			buildActionMask = 2147483647;
			files = (
				B8F662232A6917BE00A27321 /* PokemonViewModel.swift in Sources */,
				B8B064572A68FD1000B0D71D /* ViewController.swift in Sources */,
				B8C4BFA42A6E4E3500DEBB8E /* PokemonCollectionViewCell.swift in Sources */,
				B8B064532A68FD1000B0D71D /* AppDelegate.swift in Sources */,
				B8B064552A68FD1000B0D71D /* SceneDelegate.swift in Sources */,
				B8F662212A6917A800A27321 /* PokemonModel.swift in Sources */,
				B8F662252A69394000A27321 /* pokemonTableViewCell.swift in Sources */,
				B8C4BFA22A6E36BA00DEBB8E /* PokemonDataViewController.swift in Sources */,
			);
			runOnlyForDeploymentPostprocessing = 0;
		};
		B8B064612A68FD1200B0D71D /* Sources */ = {
			isa = PBXSourcesBuildPhase;
			buildActionMask = 2147483647;
			files = (
				B8B0646A2A68FD1200B0D71D /* pokemon_ApiTests.swift in Sources */,
			);
			runOnlyForDeploymentPostprocessing = 0;
		};
		B8B0646B2A68FD1200B0D71D /* Sources */ = {
			isa = PBXSourcesBuildPhase;
			buildActionMask = 2147483647;
			files = (
				B8B064742A68FD1200B0D71D /* pokemon_ApiUITests.swift in Sources */,
				B8B064762A68FD1200B0D71D /* pokemon_ApiUITestsLaunchTests.swift in Sources */,
			);
			runOnlyForDeploymentPostprocessing = 0;
		};
/* End PBXSourcesBuildPhase section */

/* Begin PBXTargetDependency section */
		B8B064672A68FD1200B0D71D /* PBXTargetDependency */ = {
			isa = PBXTargetDependency;
			target = B8B0644E2A68FD1000B0D71D /* pokemon Api */;
			targetProxy = B8B064662A68FD1200B0D71D /* PBXContainerItemProxy */;
		};
		B8B064712A68FD1200B0D71D /* PBXTargetDependency */ = {
			isa = PBXTargetDependency;
			target = B8B0644E2A68FD1000B0D71D /* pokemon Api */;
			targetProxy = B8B064702A68FD1200B0D71D /* PBXContainerItemProxy */;
		};
/* End PBXTargetDependency section */

/* Begin PBXVariantGroup section */
		B8B064582A68FD1000B0D71D /* Main.storyboard */ = {
			isa = PBXVariantGroup;
			children = (
				B8B064592A68FD1000B0D71D /* Base */,
			);
			name = Main.storyboard;
			sourceTree = "<group>";
		};
		B8B0645D2A68FD1200B0D71D /* LaunchScreen.storyboard */ = {
			isa = PBXVariantGroup;
			children = (
				B8B0645E2A68FD1200B0D71D /* Base */,
			);
			name = LaunchScreen.storyboard;
			sourceTree = "<group>";
		};
/* End PBXVariantGroup section */

/* Begin XCBuildConfiguration section */
		B8B064772A68FD1200B0D71D /* Debug */ = {
			isa = XCBuildConfiguration;
			buildSettings = {
				ALWAYS_SEARCH_USER_PATHS = NO;
				CLANG_ANALYZER_NONNULL = YES;
				CLANG_ANALYZER_NUMBER_OBJECT_CONVERSION = YES_AGGRESSIVE;
				CLANG_CXX_LANGUAGE_STANDARD = "gnu++20";
				CLANG_ENABLE_MODULES = YES;
				CLANG_ENABLE_OBJC_ARC = YES;
				CLANG_ENABLE_OBJC_WEAK = YES;
				CLANG_WARN_BLOCK_CAPTURE_AUTORELEASING = YES;
				CLANG_WARN_BOOL_CONVERSION = YES;
				CLANG_WARN_COMMA = YES;
				CLANG_WARN_CONSTANT_CONVERSION = YES;
				CLANG_WARN_DEPRECATED_OBJC_IMPLEMENTATIONS = YES;
				CLANG_WARN_DIRECT_OBJC_ISA_USAGE = YES_ERROR;
				CLANG_WARN_DOCUMENTATION_COMMENTS = YES;
				CLANG_WARN_EMPTY_BODY = YES;
				CLANG_WARN_ENUM_CONVERSION = YES;
				CLANG_WARN_INFINITE_RECURSION = YES;
				CLANG_WARN_INT_CONVERSION = YES;
				CLANG_WARN_NON_LITERAL_NULL_CONVERSION = YES;
				CLANG_WARN_OBJC_IMPLICIT_RETAIN_SELF = YES;
				CLANG_WARN_OBJC_LITERAL_CONVERSION = YES;
				CLANG_WARN_OBJC_ROOT_CLASS = YES_ERROR;
				CLANG_WARN_QUOTED_INCLUDE_IN_FRAMEWORK_HEADER = YES;
				CLANG_WARN_RANGE_LOOP_ANALYSIS = YES;
				CLANG_WARN_STRICT_PROTOTYPES = YES;
				CLANG_WARN_SUSPICIOUS_MOVE = YES;
				CLANG_WARN_UNGUARDED_AVAILABILITY = YES_AGGRESSIVE;
				CLANG_WARN_UNREACHABLE_CODE = YES;
				CLANG_WARN__DUPLICATE_METHOD_MATCH = YES;
				COPY_PHASE_STRIP = NO;
				DEBUG_INFORMATION_FORMAT = dwarf;
				ENABLE_STRICT_OBJC_MSGSEND = YES;
				ENABLE_TESTABILITY = YES;
				GCC_C_LANGUAGE_STANDARD = gnu11;
				GCC_DYNAMIC_NO_PIC = NO;
				GCC_NO_COMMON_BLOCKS = YES;
				GCC_OPTIMIZATION_LEVEL = 0;
				GCC_PREPROCESSOR_DEFINITIONS = (
					"DEBUG=1",
					"$(inherited)",
				);
				GCC_WARN_64_TO_32_BIT_CONVERSION = YES;
				GCC_WARN_ABOUT_RETURN_TYPE = YES_ERROR;
				GCC_WARN_UNDECLARED_SELECTOR = YES;
				GCC_WARN_UNINITIALIZED_AUTOS = YES_AGGRESSIVE;
				GCC_WARN_UNUSED_FUNCTION = YES;
				GCC_WARN_UNUSED_VARIABLE = YES;
				IPHONEOS_DEPLOYMENT_TARGET = 16.2;
				MTL_ENABLE_DEBUG_INFO = INCLUDE_SOURCE;
				MTL_FAST_MATH = YES;
				ONLY_ACTIVE_ARCH = YES;
				SDKROOT = iphoneos;
				SWIFT_ACTIVE_COMPILATION_CONDITIONS = DEBUG;
				SWIFT_OPTIMIZATION_LEVEL = "-Onone";
			};
			name = Debug;
		};
		B8B064782A68FD1200B0D71D /* Release */ = {
			isa = XCBuildConfiguration;
			buildSettings = {
				ALWAYS_SEARCH_USER_PATHS = NO;
				CLANG_ANALYZER_NONNULL = YES;
				CLANG_ANALYZER_NUMBER_OBJECT_CONVERSION = YES_AGGRESSIVE;
				CLANG_CXX_LANGUAGE_STANDARD = "gnu++20";
				CLANG_ENABLE_MODULES = YES;
				CLANG_ENABLE_OBJC_ARC = YES;
				CLANG_ENABLE_OBJC_WEAK = YES;
				CLANG_WARN_BLOCK_CAPTURE_AUTORELEASING = YES;
				CLANG_WARN_BOOL_CONVERSION = YES;
				CLANG_WARN_COMMA = YES;
				CLANG_WARN_CONSTANT_CONVERSION = YES;
				CLANG_WARN_DEPRECATED_OBJC_IMPLEMENTATIONS = YES;
				CLANG_WARN_DIRECT_OBJC_ISA_USAGE = YES_ERROR;
				CLANG_WARN_DOCUMENTATION_COMMENTS = YES;
				CLANG_WARN_EMPTY_BODY = YES;
				CLANG_WARN_ENUM_CONVERSION = YES;
				CLANG_WARN_INFINITE_RECURSION = YES;
				CLANG_WARN_INT_CONVERSION = YES;
				CLANG_WARN_NON_LITERAL_NULL_CONVERSION = YES;
				CLANG_WARN_OBJC_IMPLICIT_RETAIN_SELF = YES;
				CLANG_WARN_OBJC_LITERAL_CONVERSION = YES;
				CLANG_WARN_OBJC_ROOT_CLASS = YES_ERROR;
				CLANG_WARN_QUOTED_INCLUDE_IN_FRAMEWORK_HEADER = YES;
				CLANG_WARN_RANGE_LOOP_ANALYSIS = YES;
				CLANG_WARN_STRICT_PROTOTYPES = YES;
				CLANG_WARN_SUSPICIOUS_MOVE = YES;
				CLANG_WARN_UNGUARDED_AVAILABILITY = YES_AGGRESSIVE;
				CLANG_WARN_UNREACHABLE_CODE = YES;
				CLANG_WARN__DUPLICATE_METHOD_MATCH = YES;
				COPY_PHASE_STRIP = NO;
				DEBUG_INFORMATION_FORMAT = "dwarf-with-dsym";
				ENABLE_NS_ASSERTIONS = NO;
				ENABLE_STRICT_OBJC_MSGSEND = YES;
				GCC_C_LANGUAGE_STANDARD = gnu11;
				GCC_NO_COMMON_BLOCKS = YES;
				GCC_WARN_64_TO_32_BIT_CONVERSION = YES;
				GCC_WARN_ABOUT_RETURN_TYPE = YES_ERROR;
				GCC_WARN_UNDECLARED_SELECTOR = YES;
				GCC_WARN_UNINITIALIZED_AUTOS = YES_AGGRESSIVE;
				GCC_WARN_UNUSED_FUNCTION = YES;
				GCC_WARN_UNUSED_VARIABLE = YES;
				IPHONEOS_DEPLOYMENT_TARGET = 16.2;
				MTL_ENABLE_DEBUG_INFO = NO;
				MTL_FAST_MATH = YES;
				SDKROOT = iphoneos;
				SWIFT_COMPILATION_MODE = wholemodule;
				SWIFT_OPTIMIZATION_LEVEL = "-O";
				VALIDATE_PRODUCT = YES;
			};
			name = Release;
		};
		B8B0647A2A68FD1200B0D71D /* Debug */ = {
			isa = XCBuildConfiguration;
			baseConfigurationReference = F698991C45D60D496C4D93C0 /* Pods-pokemon Api.debug.xcconfig */;
			buildSettings = {
				ASSETCATALOG_COMPILER_APPICON_NAME = AppIcon;
				ASSETCATALOG_COMPILER_GLOBAL_ACCENT_COLOR_NAME = AccentColor;
				CODE_SIGN_STYLE = Automatic;
				CURRENT_PROJECT_VERSION = 1;
				DEVELOPMENT_TEAM = SY4CHD2YQ6;
				GENERATE_INFOPLIST_FILE = YES;
				INFOPLIST_FILE = "pokemon Api/Info.plist";
				INFOPLIST_KEY_UIApplicationSupportsIndirectInputEvents = YES;
				INFOPLIST_KEY_UILaunchStoryboardName = LaunchScreen;
				INFOPLIST_KEY_UIMainStoryboardFile = Main;
				INFOPLIST_KEY_UISupportedInterfaceOrientations_iPad = "UIInterfaceOrientationPortrait UIInterfaceOrientationPortraitUpsideDown UIInterfaceOrientationLandscapeLeft UIInterfaceOrientationLandscapeRight";
				INFOPLIST_KEY_UISupportedInterfaceOrientations_iPhone = "UIInterfaceOrientationPortrait UIInterfaceOrientationLandscapeLeft UIInterfaceOrientationLandscapeRight";
				IPHONEOS_DEPLOYMENT_TARGET = 14.0;
				LD_RUNPATH_SEARCH_PATHS = (
					"$(inherited)",
					"@executable_path/Frameworks",
				);
				MARKETING_VERSION = 1.0;
				PRODUCT_BUNDLE_IDENTIFIER = "com.digival.pokemon-Api";
				PRODUCT_NAME = "$(TARGET_NAME)";
				SWIFT_EMIT_LOC_STRINGS = YES;
				SWIFT_VERSION = 5.0;
				TARGETED_DEVICE_FAMILY = "1,2";
			};
			name = Debug;
		};
		B8B0647B2A68FD1200B0D71D /* Release */ = {
			isa = XCBuildConfiguration;
			baseConfigurationReference = 2F63BA0BB86FBF2C328D1632 /* Pods-pokemon Api.release.xcconfig */;
			buildSettings = {
				ASSETCATALOG_COMPILER_APPICON_NAME = AppIcon;
				ASSETCATALOG_COMPILER_GLOBAL_ACCENT_COLOR_NAME = AccentColor;
				CODE_SIGN_STYLE = Automatic;
				CURRENT_PROJECT_VERSION = 1;
				DEVELOPMENT_TEAM = SY4CHD2YQ6;
				GENERATE_INFOPLIST_FILE = YES;
				INFOPLIST_FILE = "pokemon Api/Info.plist";
				INFOPLIST_KEY_UIApplicationSupportsIndirectInputEvents = YES;
				INFOPLIST_KEY_UILaunchStoryboardName = LaunchScreen;
				INFOPLIST_KEY_UIMainStoryboardFile = Main;
				INFOPLIST_KEY_UISupportedInterfaceOrientations_iPad = "UIInterfaceOrientationPortrait UIInterfaceOrientationPortraitUpsideDown UIInterfaceOrientationLandscapeLeft UIInterfaceOrientationLandscapeRight";
				INFOPLIST_KEY_UISupportedInterfaceOrientations_iPhone = "UIInterfaceOrientationPortrait UIInterfaceOrientationLandscapeLeft UIInterfaceOrientationLandscapeRight";
				IPHONEOS_DEPLOYMENT_TARGET = 14.0;
				LD_RUNPATH_SEARCH_PATHS = (
					"$(inherited)",
					"@executable_path/Frameworks",
				);
				MARKETING_VERSION = 1.0;
				PRODUCT_BUNDLE_IDENTIFIER = "com.digival.pokemon-Api";
				PRODUCT_NAME = "$(TARGET_NAME)";
				SWIFT_EMIT_LOC_STRINGS = YES;
				SWIFT_VERSION = 5.0;
				TARGETED_DEVICE_FAMILY = "1,2";
			};
			name = Release;
		};
		B8B0647D2A68FD1200B0D71D /* Debug */ = {
			isa = XCBuildConfiguration;
			baseConfigurationReference = 5EC82B699C41B112381AF822 /* Pods-pokemon ApiTests.debug.xcconfig */;
			buildSettings = {
				ALWAYS_EMBED_SWIFT_STANDARD_LIBRARIES = YES;
				BUNDLE_LOADER = "$(TEST_HOST)";
				CODE_SIGN_STYLE = Automatic;
				CURRENT_PROJECT_VERSION = 1;
				DEVELOPMENT_TEAM = SY4CHD2YQ6;
				GENERATE_INFOPLIST_FILE = YES;
				IPHONEOS_DEPLOYMENT_TARGET = 16.2;
				MARKETING_VERSION = 1.0;
				PRODUCT_BUNDLE_IDENTIFIER = "com.digival.pokemon-ApiTests";
				PRODUCT_NAME = "$(TARGET_NAME)";
				SWIFT_EMIT_LOC_STRINGS = NO;
				SWIFT_VERSION = 5.0;
				TARGETED_DEVICE_FAMILY = "1,2";
				TEST_HOST = "$(BUILT_PRODUCTS_DIR)/pokemon Api.app/$(BUNDLE_EXECUTABLE_FOLDER_PATH)/pokemon Api";
			};
			name = Debug;
		};
		B8B0647E2A68FD1200B0D71D /* Release */ = {
			isa = XCBuildConfiguration;
			baseConfigurationReference = B9B4F8D5E8B49ED7AA951819 /* Pods-pokemon ApiTests.release.xcconfig */;
			buildSettings = {
				ALWAYS_EMBED_SWIFT_STANDARD_LIBRARIES = YES;
				BUNDLE_LOADER = "$(TEST_HOST)";
				CODE_SIGN_STYLE = Automatic;
				CURRENT_PROJECT_VERSION = 1;
				DEVELOPMENT_TEAM = SY4CHD2YQ6;
				GENERATE_INFOPLIST_FILE = YES;
				IPHONEOS_DEPLOYMENT_TARGET = 16.2;
				MARKETING_VERSION = 1.0;
				PRODUCT_BUNDLE_IDENTIFIER = "com.digival.pokemon-ApiTests";
				PRODUCT_NAME = "$(TARGET_NAME)";
				SWIFT_EMIT_LOC_STRINGS = NO;
				SWIFT_VERSION = 5.0;
				TARGETED_DEVICE_FAMILY = "1,2";
				TEST_HOST = "$(BUILT_PRODUCTS_DIR)/pokemon Api.app/$(BUNDLE_EXECUTABLE_FOLDER_PATH)/pokemon Api";
			};
			name = Release;
		};
		B8B064802A68FD1200B0D71D /* Debug */ = {
			isa = XCBuildConfiguration;
			baseConfigurationReference = AC632F82D6D6F4EDB1D19AF2 /* Pods-pokemon Api-pokemon ApiUITests.debug.xcconfig */;
			buildSettings = {
				ALWAYS_EMBED_SWIFT_STANDARD_LIBRARIES = YES;
				CODE_SIGN_STYLE = Automatic;
				CURRENT_PROJECT_VERSION = 1;
				DEVELOPMENT_TEAM = SY4CHD2YQ6;
				GENERATE_INFOPLIST_FILE = YES;
				MARKETING_VERSION = 1.0;
				PRODUCT_BUNDLE_IDENTIFIER = "com.digival.pokemon-ApiUITests";
				PRODUCT_NAME = "$(TARGET_NAME)";
				SWIFT_EMIT_LOC_STRINGS = NO;
				SWIFT_VERSION = 5.0;
				TARGETED_DEVICE_FAMILY = "1,2";
				TEST_TARGET_NAME = "pokemon Api";
			};
			name = Debug;
		};
		B8B064812A68FD1200B0D71D /* Release */ = {
			isa = XCBuildConfiguration;
			baseConfigurationReference = AC99A2C8047E31CD29F5762C /* Pods-pokemon Api-pokemon ApiUITests.release.xcconfig */;
			buildSettings = {
				ALWAYS_EMBED_SWIFT_STANDARD_LIBRARIES = YES;
				CODE_SIGN_STYLE = Automatic;
				CURRENT_PROJECT_VERSION = 1;
				DEVELOPMENT_TEAM = SY4CHD2YQ6;
				GENERATE_INFOPLIST_FILE = YES;
				MARKETING_VERSION = 1.0;
				PRODUCT_BUNDLE_IDENTIFIER = "com.digival.pokemon-ApiUITests";
				PRODUCT_NAME = "$(TARGET_NAME)";
				SWIFT_EMIT_LOC_STRINGS = NO;
				SWIFT_VERSION = 5.0;
				TARGETED_DEVICE_FAMILY = "1,2";
				TEST_TARGET_NAME = "pokemon Api";
			};
			name = Release;
		};
/* End XCBuildConfiguration section */

/* Begin XCConfigurationList section */
		B8B0644A2A68FD1000B0D71D /* Build configuration list for PBXProject "pokemon Api" */ = {
			isa = XCConfigurationList;
			buildConfigurations = (
				B8B064772A68FD1200B0D71D /* Debug */,
				B8B064782A68FD1200B0D71D /* Release */,
			);
			defaultConfigurationIsVisible = 0;
			defaultConfigurationName = Release;
		};
		B8B064792A68FD1200B0D71D /* Build configuration list for PBXNativeTarget "pokemon Api" */ = {
			isa = XCConfigurationList;
			buildConfigurations = (
				B8B0647A2A68FD1200B0D71D /* Debug */,
				B8B0647B2A68FD1200B0D71D /* Release */,
			);
			defaultConfigurationIsVisible = 0;
			defaultConfigurationName = Release;
		};
		B8B0647C2A68FD1200B0D71D /* Build configuration list for PBXNativeTarget "pokemon ApiTests" */ = {
			isa = XCConfigurationList;
			buildConfigurations = (
				B8B0647D2A68FD1200B0D71D /* Debug */,
				B8B0647E2A68FD1200B0D71D /* Release */,
			);
			defaultConfigurationIsVisible = 0;
			defaultConfigurationName = Release;
		};
		B8B0647F2A68FD1200B0D71D /* Build configuration list for PBXNativeTarget "pokemon ApiUITests" */ = {
			isa = XCConfigurationList;
			buildConfigurations = (
				B8B064802A68FD1200B0D71D /* Debug */,
				B8B064812A68FD1200B0D71D /* Release */,
			);
			defaultConfigurationIsVisible = 0;
			defaultConfigurationName = Release;
		};
/* End XCConfigurationList section */
	};
	rootObject = B8B064472A68FD1000B0D71D /* Project object */;
}
